
Microsoft Visual Studio Solution File, Format Version 12.00
# Visual Studio 15
VisualStudioVersion = 15.0.28307.102
MinimumVisualStudioVersion = 10.0.40219.1
Project("{FAE04EC0-301F-11D3-BF4B-00C04F79EFBC}") = "SplineCase", "SplineCase\SplineCase.csproj", "{0E5A31E5-5F90-4FB7-8652-0B0CD885C109}"
EndProject
Global
	GlobalSection(SolutionConfigurationPlatforms) = preSolution
		Debug|Any CPU = Debug|Any CPU
		Release|Any CPU = Release|Any CPU
	EndGlobalSection
	GlobalSection(ProjectConfigurationPlatforms) = postSolution
		{0E5A31E5-5F90-4FB7-8652-0B0CD885C109}.Debug|Any CPU.ActiveCfg = Debug|Any CPU
		{0E5A31E5-5F90-4FB7-8652-0B0CD885C109}.Debug|Any CPU.Build.0 = Debug|Any CPU
		{0E5A31E5-5F90-4FB7-8652-0B0CD885C109}.Release|Any CPU.ActiveCfg = Release|Any CPU
		{0E5A31E5-5F90-4FB7-8652-0B0CD885C109}.Release|Any CPU.Build.0 = Release|Any CPU
	EndGlobalSection
	GlobalSection(SolutionProperties) = preSolution
		HideSolutionNode = FALSE
	EndGlobalSection
	GlobalSection(ExtensibilityGlobals) = postSolution
		SolutionGuid = {EA526586-AAB0-4042-8708-3FEA8F9893E0}
	EndGlobalSection
EndGlobal
