
Microsoft Visual Studio Solution File, Format Version 12.00
# Visual Studio 15
VisualStudioVersion = 15.0.27703.2026
MinimumVisualStudioVersion = 10.0.40219.1
Project("{FAE04EC0-301F-11D3-BF4B-00C04F79EFBC}") = "ConcreteAndBarCount", "ConcreteAndBarCount\ConcreteAndBarCount.csproj", "{46777522-ADC4-45A9-8E3D-280779FC808D}"
EndProject
Global
	GlobalSection(SolutionConfigurationPlatforms) = preSolution
		Debug|Any CPU = Debug|Any CPU
		Release|Any CPU = Release|Any CPU
	EndGlobalSection
	GlobalSection(ProjectConfigurationPlatforms) = postSolution
		{46777522-ADC4-45A9-8E3D-280779FC808D}.Debug|Any CPU.ActiveCfg = Debug|Any CPU
		{46777522-ADC4-45A9-8E3D-280779FC808D}.Debug|Any CPU.Build.0 = Debug|Any CPU
		{46777522-ADC4-45A9-8E3D-280779FC808D}.Release|Any CPU.ActiveCfg = Release|Any CPU
		{46777522-ADC4-45A9-8E3D-280779FC808D}.Release|Any CPU.Build.0 = Release|Any CPU
	EndGlobalSection
	GlobalSection(SolutionProperties) = preSolution
		HideSolutionNode = FALSE
	EndGlobalSection
	GlobalSection(ExtensibilityGlobals) = postSolution
		SolutionGuid = {7D68876F-B220-485D-AA23-D860AE9088DE}
	EndGlobalSection
EndGlobal
